
Microsoft Visual Studio Solution File, Format Version 12.00
# Visual Studio 14
VisualStudioVersion = 14.0.25420.1
MinimumVisualStudioVersion = 10.0.40219.1
Project("{FAE04EC0-301F-11D3-BF4B-00C04F79EFBC}") = "GraphLabs_1", "GraphsLabs\GraphLabs_1.csproj", "{4EB6582C-EC04-4A47-BF00-0593F7A618D7}"
EndProject
Project("{FAE04EC0-301F-11D3-BF4B-00C04F79EFBC}") = "GraphLabs_2", "GraphLabs_2\GraphLabs_2.csproj", "{D462A30E-E575-4AF3-88FF-E0902917436D}"
EndProject
Project("{FAE04EC0-301F-11D3-BF4B-00C04F79EFBC}") = "GraphLabs_3", "GraphLabs_3\GraphLabs_3.csproj", "{B3CDCF46-C79B-4014-9FBC-DA3EC8075CC1}"
EndProject
Project("{FAE04EC0-301F-11D3-BF4B-00C04F79EFBC}") = "GraphLabs_4", "GraphLabs_4\GraphLabs_4.csproj", "{BDCFF8CE-9057-444C-9EF0-FFE9257CCD23}"
EndProject
Project("{FAE04EC0-301F-11D3-BF4B-00C04F79EFBC}") = "GraphLabs_5", "GraphLabs_5\GraphLabs_5.csproj", "{AD71F15E-716D-4F7F-AE04-B2A4B20EF07A}"
EndProject
Global
	GlobalSection(SolutionConfigurationPlatforms) = preSolution
		Debug|Any CPU = Debug|Any CPU
		Debug|ARM = Debug|ARM
		Debug|x64 = Debug|x64
		Debug|x86 = Debug|x86
		Release|Any CPU = Release|Any CPU
		Release|ARM = Release|ARM
		Release|x64 = Release|x64
		Release|x86 = Release|x86
	EndGlobalSection
	GlobalSection(ProjectConfigurationPlatforms) = postSolution
		{4EB6582C-EC04-4A47-BF00-0593F7A618D7}.Debug|Any CPU.ActiveCfg = Debug|Any CPU
		{4EB6582C-EC04-4A47-BF00-0593F7A618D7}.Debug|Any CPU.Build.0 = Debug|Any CPU
		{4EB6582C-EC04-4A47-BF00-0593F7A618D7}.Debug|ARM.ActiveCfg = Debug|Any CPU
		{4EB6582C-EC04-4A47-BF00-0593F7A618D7}.Debug|ARM.Build.0 = Debug|Any CPU
		{4EB6582C-EC04-4A47-BF00-0593F7A618D7}.Debug|x64.ActiveCfg = Debug|Any CPU
		{4EB6582C-EC04-4A47-BF00-0593F7A618D7}.Debug|x64.Build.0 = Debug|Any CPU
		{4EB6582C-EC04-4A47-BF00-0593F7A618D7}.Debug|x86.ActiveCfg = Debug|Any CPU
		{4EB6582C-EC04-4A47-BF00-0593F7A618D7}.Debug|x86.Build.0 = Debug|Any CPU
		{4EB6582C-EC04-4A47-BF00-0593F7A618D7}.Release|Any CPU.ActiveCfg = Release|Any CPU
		{4EB6582C-EC04-4A47-BF00-0593F7A618D7}.Release|Any CPU.Build.0 = Release|Any CPU
		{4EB6582C-EC04-4A47-BF00-0593F7A618D7}.Release|ARM.ActiveCfg = Release|Any CPU
		{4EB6582C-EC04-4A47-BF00-0593F7A618D7}.Release|ARM.Build.0 = Release|Any CPU
		{4EB6582C-EC04-4A47-BF00-0593F7A618D7}.Release|x64.ActiveCfg = Release|Any CPU
		{4EB6582C-EC04-4A47-BF00-0593F7A618D7}.Release|x64.Build.0 = Release|Any CPU
		{4EB6582C-EC04-4A47-BF00-0593F7A618D7}.Release|x86.ActiveCfg = Release|Any CPU
		{4EB6582C-EC04-4A47-BF00-0593F7A618D7}.Release|x86.Build.0 = Release|Any CPU
		{D462A30E-E575-4AF3-88FF-E0902917436D}.Debug|Any CPU.ActiveCfg = Debug|Any CPU
		{D462A30E-E575-4AF3-88FF-E0902917436D}.Debug|Any CPU.Build.0 = Debug|Any CPU
		{D462A30E-E575-4AF3-88FF-E0902917436D}.Debug|ARM.ActiveCfg = Debug|Any CPU
		{D462A30E-E575-4AF3-88FF-E0902917436D}.Debug|ARM.Build.0 = Debug|Any CPU
		{D462A30E-E575-4AF3-88FF-E0902917436D}.Debug|x64.ActiveCfg = Debug|Any CPU
		{D462A30E-E575-4AF3-88FF-E0902917436D}.Debug|x64.Build.0 = Debug|Any CPU
		{D462A30E-E575-4AF3-88FF-E0902917436D}.Debug|x86.ActiveCfg = Debug|Any CPU
		{D462A30E-E575-4AF3-88FF-E0902917436D}.Debug|x86.Build.0 = Debug|Any CPU
		{D462A30E-E575-4AF3-88FF-E0902917436D}.Release|Any CPU.ActiveCfg = Release|Any CPU
		{D462A30E-E575-4AF3-88FF-E0902917436D}.Release|Any CPU.Build.0 = Release|Any CPU
		{D462A30E-E575-4AF3-88FF-E0902917436D}.Release|ARM.ActiveCfg = Release|Any CPU
		{D462A30E-E575-4AF3-88FF-E0902917436D}.Release|ARM.Build.0 = Release|Any CPU
		{D462A30E-E575-4AF3-88FF-E0902917436D}.Release|x64.ActiveCfg = Release|Any CPU
		{D462A30E-E575-4AF3-88FF-E0902917436D}.Release|x64.Build.0 = Release|Any CPU
		{D462A30E-E575-4AF3-88FF-E0902917436D}.Release|x86.ActiveCfg = Release|Any CPU
		{D462A30E-E575-4AF3-88FF-E0902917436D}.Release|x86.Build.0 = Release|Any CPU
		{B3CDCF46-C79B-4014-9FBC-DA3EC8075CC1}.Debug|Any CPU.ActiveCfg = Debug|Any CPU
		{B3CDCF46-C79B-4014-9FBC-DA3EC8075CC1}.Debug|Any CPU.Build.0 = Debug|Any CPU
		{B3CDCF46-C79B-4014-9FBC-DA3EC8075CC1}.Debug|ARM.ActiveCfg = Debug|Any CPU
		{B3CDCF46-C79B-4014-9FBC-DA3EC8075CC1}.Debug|ARM.Build.0 = Debug|Any CPU
		{B3CDCF46-C79B-4014-9FBC-DA3EC8075CC1}.Debug|x64.ActiveCfg = Debug|Any CPU
		{B3CDCF46-C79B-4014-9FBC-DA3EC8075CC1}.Debug|x64.Build.0 = Debug|Any CPU
		{B3CDCF46-C79B-4014-9FBC-DA3EC8075CC1}.Debug|x86.ActiveCfg = Debug|Any CPU
		{B3CDCF46-C79B-4014-9FBC-DA3EC8075CC1}.Debug|x86.Build.0 = Debug|Any CPU
		{B3CDCF46-C79B-4014-9FBC-DA3EC8075CC1}.Release|Any CPU.ActiveCfg = Release|Any CPU
		{B3CDCF46-C79B-4014-9FBC-DA3EC8075CC1}.Release|Any CPU.Build.0 = Release|Any CPU
		{B3CDCF46-C79B-4014-9FBC-DA3EC8075CC1}.Release|ARM.ActiveCfg = Release|Any CPU
		{B3CDCF46-C79B-4014-9FBC-DA3EC8075CC1}.Release|ARM.Build.0 = Release|Any CPU
		{B3CDCF46-C79B-4014-9FBC-DA3EC8075CC1}.Release|x64.ActiveCfg = Release|Any CPU
		{B3CDCF46-C79B-4014-9FBC-DA3EC8075CC1}.Release|x64.Build.0 = Release|Any CPU
		{B3CDCF46-C79B-4014-9FBC-DA3EC8075CC1}.Release|x86.ActiveCfg = Release|Any CPU
		{B3CDCF46-C79B-4014-9FBC-DA3EC8075CC1}.Release|x86.Build.0 = Release|Any CPU
		{BDCFF8CE-9057-444C-9EF0-FFE9257CCD23}.Debug|Any CPU.ActiveCfg = Debug|Any CPU
		{BDCFF8CE-9057-444C-9EF0-FFE9257CCD23}.Debug|Any CPU.Build.0 = Debug|Any CPU
		{BDCFF8CE-9057-444C-9EF0-FFE9257CCD23}.Debug|ARM.ActiveCfg = Debug|Any CPU
		{BDCFF8CE-9057-444C-9EF0-FFE9257CCD23}.Debug|ARM.Build.0 = Debug|Any CPU
		{BDCFF8CE-9057-444C-9EF0-FFE9257CCD23}.Debug|x64.ActiveCfg = Debug|Any CPU
		{BDCFF8CE-9057-444C-9EF0-FFE9257CCD23}.Debug|x64.Build.0 = Debug|Any CPU
		{BDCFF8CE-9057-444C-9EF0-FFE9257CCD23}.Debug|x86.ActiveCfg = Debug|Any CPU
		{BDCFF8CE-9057-444C-9EF0-FFE9257CCD23}.Debug|x86.Build.0 = Debug|Any CPU
		{BDCFF8CE-9057-444C-9EF0-FFE9257CCD23}.Release|Any CPU.ActiveCfg = Release|Any CPU
		{BDCFF8CE-9057-444C-9EF0-FFE9257CCD23}.Release|Any CPU.Build.0 = Release|Any CPU
		{BDCFF8CE-9057-444C-9EF0-FFE9257CCD23}.Release|ARM.ActiveCfg = Release|Any CPU
		{BDCFF8CE-9057-444C-9EF0-FFE9257CCD23}.Release|ARM.Build.0 = Release|Any CPU
		{BDCFF8CE-9057-444C-9EF0-FFE9257CCD23}.Release|x64.ActiveCfg = Release|Any CPU
		{BDCFF8CE-9057-444C-9EF0-FFE9257CCD23}.Release|x64.Build.0 = Release|Any CPU
		{BDCFF8CE-9057-444C-9EF0-FFE9257CCD23}.Release|x86.ActiveCfg = Release|Any CPU
		{BDCFF8CE-9057-444C-9EF0-FFE9257CCD23}.Release|x86.Build.0 = Release|Any CPU
		{AD71F15E-716D-4F7F-AE04-B2A4B20EF07A}.Debug|Any CPU.ActiveCfg = Debug|Any CPU
		{AD71F15E-716D-4F7F-AE04-B2A4B20EF07A}.Debug|Any CPU.Build.0 = Debug|Any CPU
		{AD71F15E-716D-4F7F-AE04-B2A4B20EF07A}.Debug|ARM.ActiveCfg = Debug|Any CPU
		{AD71F15E-716D-4F7F-AE04-B2A4B20EF07A}.Debug|ARM.Build.0 = Debug|Any CPU
		{AD71F15E-716D-4F7F-AE04-B2A4B20EF07A}.Debug|x64.ActiveCfg = Debug|Any CPU
		{AD71F15E-716D-4F7F-AE04-B2A4B20EF07A}.Debug|x64.Build.0 = Debug|Any CPU
		{AD71F15E-716D-4F7F-AE04-B2A4B20EF07A}.Debug|x86.ActiveCfg = Debug|Any CPU
		{AD71F15E-716D-4F7F-AE04-B2A4B20EF07A}.Debug|x86.Build.0 = Debug|Any CPU
		{AD71F15E-716D-4F7F-AE04-B2A4B20EF07A}.Release|Any CPU.ActiveCfg = Release|Any CPU
		{AD71F15E-716D-4F7F-AE04-B2A4B20EF07A}.Release|Any CPU.Build.0 = Release|Any CPU
		{AD71F15E-716D-4F7F-AE04-B2A4B20EF07A}.Release|ARM.ActiveCfg = Release|Any CPU
		{AD71F15E-716D-4F7F-AE04-B2A4B20EF07A}.Release|ARM.Build.0 = Release|Any CPU
		{AD71F15E-716D-4F7F-AE04-B2A4B20EF07A}.Release|x64.ActiveCfg = Release|Any CPU
		{AD71F15E-716D-4F7F-AE04-B2A4B20EF07A}.Release|x64.Build.0 = Release|Any CPU
		{AD71F15E-716D-4F7F-AE04-B2A4B20EF07A}.Release|x86.ActiveCfg = Release|Any CPU
		{AD71F15E-716D-4F7F-AE04-B2A4B20EF07A}.Release|x86.Build.0 = Release|Any CPU
	EndGlobalSection
	GlobalSection(SolutionProperties) = preSolution
		HideSolutionNode = FALSE
	EndGlobalSection
EndGlobal
